
Microsoft Visual Studio Solution File, Format Version 12.00
# Visual Studio Version 17
VisualStudioVersion = 17.8.34322.80
MinimumVisualStudioVersion = 10.0.40219.1
Project("{FAE04EC0-301F-11D3-BF4B-00C04F79EFBC}") = "Etap_0", "Etap_0\Etap_0.csproj", "{3DEF88C9-56AE-4ADB-93B7-50266A1BC50A}"
EndProject
Project("{FAE04EC0-301F-11D3-BF4B-00C04F79EFBC}") = "Etap_0_Testy", "Etap_0_Testy\Etap_0_Testy.csproj", "{13B408CA-07F4-4A7D-B3BF-797FBAD141C8}"
EndProject
Global
	GlobalSection(SolutionConfigurationPlatforms) = preSolution
		Debug|Any CPU = Debug|Any CPU
		Release|Any CPU = Release|Any CPU
	EndGlobalSection
	GlobalSection(ProjectConfigurationPlatforms) = postSolution
		{3DEF88C9-56AE-4ADB-93B7-50266A1BC50A}.Debug|Any CPU.ActiveCfg = Debug|Any CPU
		{3DEF88C9-56AE-4ADB-93B7-50266A1BC50A}.Debug|Any CPU.Build.0 = Debug|Any CPU
		{3DEF88C9-56AE-4ADB-93B7-50266A1BC50A}.Release|Any CPU.ActiveCfg = Release|Any CPU
		{3DEF88C9-56AE-4ADB-93B7-50266A1BC50A}.Release|Any CPU.Build.0 = Release|Any CPU
		{13B408CA-07F4-4A7D-B3BF-797FBAD141C8}.Debug|Any CPU.ActiveCfg = Debug|Any CPU
		{13B408CA-07F4-4A7D-B3BF-797FBAD141C8}.Debug|Any CPU.Build.0 = Debug|Any CPU
		{13B408CA-07F4-4A7D-B3BF-797FBAD141C8}.Release|Any CPU.ActiveCfg = Release|Any CPU
		{13B408CA-07F4-4A7D-B3BF-797FBAD141C8}.Release|Any CPU.Build.0 = Release|Any CPU
	EndGlobalSection
	GlobalSection(SolutionProperties) = preSolution
		HideSolutionNode = FALSE
	EndGlobalSection
	GlobalSection(ExtensibilityGlobals) = postSolution
		SolutionGuid = {918DEC3C-F2FD-40DB-BBAD-150B41D0E05A}
	EndGlobalSection
EndGlobal
