
Microsoft Visual Studio Solution File, Format Version 12.00
# Visual Studio Version 17
VisualStudioVersion = 17.8.34322.80
MinimumVisualStudioVersion = 10.0.40219.1
Project("{9A19103F-16F7-4668-BE54-9A1E7A4F7556}") = "Dane", "Dane\Dane.csproj", "{8631B8EA-450B-424C-8E6E-D61314B627CE}"
EndProject
Project("{9A19103F-16F7-4668-BE54-9A1E7A4F7556}") = "Logika", "Logika\Logika.csproj", "{4DFCF20A-73A8-4EEE-84A0-E585B0D6F722}"
EndProject
Project("{9A19103F-16F7-4668-BE54-9A1E7A4F7556}") = "Model", "Prezentacja\Model\Model.csproj", "{821097C2-5674-4C2F-A71D-AFD32101031C}"
EndProject
Project("{9A19103F-16F7-4668-BE54-9A1E7A4F7556}") = "ViewModel", "Prezentacja\ViewModel\ViewModel.csproj", "{177F7FE4-F0D7-40AB-AD18-07F9583A4886}"
EndProject
Project("{9A19103F-16F7-4668-BE54-9A1E7A4F7556}") = "View", "Prezentacja\View\View.csproj", "{BC916C07-9E19-487F-84D4-010C281C0156}"
EndProject
Project("{FAE04EC0-301F-11D3-BF4B-00C04F79EFBC}") = "DataTests", "Testy\DataTests\DataTests.csproj", "{026877AC-FF8C-45D4-A815-1E13DC6E8484}"
EndProject
Project("{FAE04EC0-301F-11D3-BF4B-00C04F79EFBC}") = "LogicTests", "Testy\LogicTests\LogicTests.csproj", "{ACC18913-7568-4504-A07B-9576CA95EC83}"
EndProject
Global
	GlobalSection(SolutionConfigurationPlatforms) = preSolution
		Debug|Any CPU = Debug|Any CPU
		Release|Any CPU = Release|Any CPU
	EndGlobalSection
	GlobalSection(ProjectConfigurationPlatforms) = postSolution
		{8631B8EA-450B-424C-8E6E-D61314B627CE}.Debug|Any CPU.ActiveCfg = Debug|Any CPU
		{8631B8EA-450B-424C-8E6E-D61314B627CE}.Debug|Any CPU.Build.0 = Debug|Any CPU
		{8631B8EA-450B-424C-8E6E-D61314B627CE}.Release|Any CPU.ActiveCfg = Release|Any CPU
		{8631B8EA-450B-424C-8E6E-D61314B627CE}.Release|Any CPU.Build.0 = Release|Any CPU
		{4DFCF20A-73A8-4EEE-84A0-E585B0D6F722}.Debug|Any CPU.ActiveCfg = Debug|Any CPU
		{4DFCF20A-73A8-4EEE-84A0-E585B0D6F722}.Debug|Any CPU.Build.0 = Debug|Any CPU
		{4DFCF20A-73A8-4EEE-84A0-E585B0D6F722}.Release|Any CPU.ActiveCfg = Release|Any CPU
		{4DFCF20A-73A8-4EEE-84A0-E585B0D6F722}.Release|Any CPU.Build.0 = Release|Any CPU
		{821097C2-5674-4C2F-A71D-AFD32101031C}.Debug|Any CPU.ActiveCfg = Debug|Any CPU
		{821097C2-5674-4C2F-A71D-AFD32101031C}.Debug|Any CPU.Build.0 = Debug|Any CPU
		{821097C2-5674-4C2F-A71D-AFD32101031C}.Release|Any CPU.ActiveCfg = Release|Any CPU
		{821097C2-5674-4C2F-A71D-AFD32101031C}.Release|Any CPU.Build.0 = Release|Any CPU
		{177F7FE4-F0D7-40AB-AD18-07F9583A4886}.Debug|Any CPU.ActiveCfg = Debug|Any CPU
		{177F7FE4-F0D7-40AB-AD18-07F9583A4886}.Debug|Any CPU.Build.0 = Debug|Any CPU
		{177F7FE4-F0D7-40AB-AD18-07F9583A4886}.Release|Any CPU.ActiveCfg = Release|Any CPU
		{177F7FE4-F0D7-40AB-AD18-07F9583A4886}.Release|Any CPU.Build.0 = Release|Any CPU
		{BC916C07-9E19-487F-84D4-010C281C0156}.Debug|Any CPU.ActiveCfg = Debug|Any CPU
		{BC916C07-9E19-487F-84D4-010C281C0156}.Debug|Any CPU.Build.0 = Debug|Any CPU
		{BC916C07-9E19-487F-84D4-010C281C0156}.Release|Any CPU.ActiveCfg = Release|Any CPU
		{BC916C07-9E19-487F-84D4-010C281C0156}.Release|Any CPU.Build.0 = Release|Any CPU
		{026877AC-FF8C-45D4-A815-1E13DC6E8484}.Debug|Any CPU.ActiveCfg = Debug|Any CPU
		{026877AC-FF8C-45D4-A815-1E13DC6E8484}.Debug|Any CPU.Build.0 = Debug|Any CPU
		{026877AC-FF8C-45D4-A815-1E13DC6E8484}.Release|Any CPU.ActiveCfg = Release|Any CPU
		{026877AC-FF8C-45D4-A815-1E13DC6E8484}.Release|Any CPU.Build.0 = Release|Any CPU
		{ACC18913-7568-4504-A07B-9576CA95EC83}.Debug|Any CPU.ActiveCfg = Debug|Any CPU
		{ACC18913-7568-4504-A07B-9576CA95EC83}.Debug|Any CPU.Build.0 = Debug|Any CPU
		{ACC18913-7568-4504-A07B-9576CA95EC83}.Release|Any CPU.ActiveCfg = Release|Any CPU
		{ACC18913-7568-4504-A07B-9576CA95EC83}.Release|Any CPU.Build.0 = Release|Any CPU
	EndGlobalSection
	GlobalSection(SolutionProperties) = preSolution
		HideSolutionNode = FALSE
	EndGlobalSection
	GlobalSection(ExtensibilityGlobals) = postSolution
		SolutionGuid = {ECA1A4CB-09E7-4F49-B7F2-09D2595C184A}
	EndGlobalSection
EndGlobal
